
Microsoft Visual Studio Solution File, Format Version 12.00
# Visual Studio Version 17
VisualStudioVersion = 17.5.33627.172
MinimumVisualStudioVersion = 10.0.40219.1
Project("{FAE04EC0-301F-11D3-BF4B-00C04F79EFBC}") = "MinhasFinancas", "MinhasFinancas.csproj", "{626D71BB-99CC-4A94-87FA-03D62D8D07BE}"
EndProject
Global
	GlobalSection(SolutionConfigurationPlatforms) = preSolution
		Debug|Any CPU = Debug|Any CPU
		Release|Any CPU = Release|Any CPU
	EndGlobalSection
	GlobalSection(ProjectConfigurationPlatforms) = postSolution
		{626D71BB-99CC-4A94-87FA-03D62D8D07BE}.Debug|Any CPU.ActiveCfg = Debug|Any CPU
		{626D71BB-99CC-4A94-87FA-03D62D8D07BE}.Debug|Any CPU.Build.0 = Debug|Any CPU
		{626D71BB-99CC-4A94-87FA-03D62D8D07BE}.Release|Any CPU.ActiveCfg = Release|Any CPU
		{626D71BB-99CC-4A94-87FA-03D62D8D07BE}.Release|Any CPU.Build.0 = Release|Any CPU
	EndGlobalSection
	GlobalSection(SolutionProperties) = preSolution
		HideSolutionNode = FALSE
	EndGlobalSection
	GlobalSection(ExtensibilityGlobals) = postSolution
		SolutionGuid = {529B8937-D06C-4476-B66D-CF1CB0CF1C98}
	EndGlobalSection
EndGlobal
